
Microsoft Visual Studio Solution File, Format Version 12.00
# Visual Studio Version 17
VisualStudioVersion = 17.4.33213.308
MinimumVisualStudioVersion = 10.0.40219.1
Project("{FAE04EC0-301F-11D3-BF4B-00C04F79EFBC}") = "KorisnikSistema", "KorisnikSistema\KorisnikSistema.csproj", "{46FE41C2-F46C-4A99-8F83-6D24CC128C99}"
EndProject
Global
	GlobalSection(SolutionConfigurationPlatforms) = preSolution
		Debug|Any CPU = Debug|Any CPU
		Release|Any CPU = Release|Any CPU
	EndGlobalSection
	GlobalSection(ProjectConfigurationPlatforms) = postSolution
		{46FE41C2-F46C-4A99-8F83-6D24CC128C99}.Debug|Any CPU.ActiveCfg = Debug|Any CPU
		{46FE41C2-F46C-4A99-8F83-6D24CC128C99}.Debug|Any CPU.Build.0 = Debug|Any CPU
		{46FE41C2-F46C-4A99-8F83-6D24CC128C99}.Release|Any CPU.ActiveCfg = Release|Any CPU
		{46FE41C2-F46C-4A99-8F83-6D24CC128C99}.Release|Any CPU.Build.0 = Release|Any CPU
	EndGlobalSection
	GlobalSection(SolutionProperties) = preSolution
		HideSolutionNode = FALSE
	EndGlobalSection
	GlobalSection(ExtensibilityGlobals) = postSolution
		SolutionGuid = {6F564FC8-83F8-4478-9295-1E7161D69F74}
	EndGlobalSection
EndGlobal
