
Microsoft Visual Studio Solution File, Format Version 12.00
# Visual Studio Version 17
VisualStudioVersion = 17.4.33110.190
MinimumVisualStudioVersion = 10.0.40219.1
Project("{FAE04EC0-301F-11D3-BF4B-00C04F79EFBC}") = "Dokument_Sergej", "Dokument_Sergej\Dokument_Sergej.csproj", "{37C0F54F-C535-421F-8FC2-6054E1B26308}"
EndProject
Global
	GlobalSection(SolutionConfigurationPlatforms) = preSolution
		Debug|Any CPU = Debug|Any CPU
		Release|Any CPU = Release|Any CPU
	EndGlobalSection
	GlobalSection(ProjectConfigurationPlatforms) = postSolution
		{37C0F54F-C535-421F-8FC2-6054E1B26308}.Debug|Any CPU.ActiveCfg = Debug|Any CPU
		{37C0F54F-C535-421F-8FC2-6054E1B26308}.Debug|Any CPU.Build.0 = Debug|Any CPU
		{37C0F54F-C535-421F-8FC2-6054E1B26308}.Release|Any CPU.ActiveCfg = Release|Any CPU
		{37C0F54F-C535-421F-8FC2-6054E1B26308}.Release|Any CPU.Build.0 = Release|Any CPU
	EndGlobalSection
	GlobalSection(SolutionProperties) = preSolution
		HideSolutionNode = FALSE
	EndGlobalSection
	GlobalSection(ExtensibilityGlobals) = postSolution
		SolutionGuid = {E4EAAF67-5676-4335-8730-6E3531C3D143}
	EndGlobalSection
EndGlobal
